
Microsoft Visual Studio Solution File, Format Version 12.00
# Visual Studio Version 17
VisualStudioVersion = 17.11.35327.3
MinimumVisualStudioVersion = 10.0.40219.1
Project("{9A19103F-16F7-4668-BE54-9A1E7A4F7556}") = "SimpleNetLibCore", "SimpleNetLibCore\SimpleNetLibCore.csproj", "{3475854E-B565-44BD-A532-B2521302567F}"
EndProject
Project("{2150E333-8FDC-42A3-9474-1A3956D46DE8}") = "Implementations", "Implementations", "{3E0DEDCD-BAC6-438E-9AA0-73E000FCA394}"
EndProject
Project("{9A19103F-16F7-4668-BE54-9A1E7A4F7556}") = "SimpleNetLibUnity", "Implementations\SimpleNetLibUnity\SimpleNetLibUnity.csproj", "{4F987F34-2A75-46AE-8410-8E2DF65180B5}"
EndProject
Project("{FAE04EC0-301F-11D3-BF4B-00C04F79EFBC}") = "SimpleNetLibGoldEngine", "Implementations\SimpleNetLibGoldEngine\SimpleNetLibGoldEngine.csproj", "{55F3060D-FECB-4A57-BF34-E6D2C1E31BDC}"
EndProject
Project("{8BC9CEB8-8B4A-11D0-8D11-00A0C91BC942}") = "enet", "ENet\enet\ENet.vcxproj", "{56360B16-81CB-4137-BCA0-88A3BEED29FE}"
EndProject
Project("{2150E333-8FDC-42A3-9474-1A3956D46DE8}") = "Backends", "Backends", "{02EA681E-C7D8-13C7-8484-4AC65E1B71E8}"
EndProject
Project("{2150E333-8FDC-42A3-9474-1A3956D46DE8}") = "ENet", "ENet", "{278FA900-E432-4892-B512-36E5B7A53C97}"
EndProject
Project("{2150E333-8FDC-42A3-9474-1A3956D46DE8}") = "Native", "Native", "{251F4A0A-EB71-41A8-9CB3-599CBC0E8CFA}"
EndProject
Project("{FAE04EC0-301F-11D3-BF4B-00C04F79EFBC}") = "SimpleNetLib-ENet", "Backends\SimpleNetLite-ENet\SimpleNetLib-ENet.csproj", "{7AD06E53-9A1D-486E-8E77-97B02D44C7A5}"
EndProject
Global
	GlobalSection(SolutionConfigurationPlatforms) = preSolution
		Debug|Any CPU = Debug|Any CPU
		Debug|x64 = Debug|x64
		Debug|x86 = Debug|x86
		Release|Any CPU = Release|Any CPU
		Release|x64 = Release|x64
		Release|x86 = Release|x86
	EndGlobalSection
	GlobalSection(ProjectConfigurationPlatforms) = postSolution
		{3475854E-B565-44BD-A532-B2521302567F}.Debug|Any CPU.ActiveCfg = Debug|Any CPU
		{3475854E-B565-44BD-A532-B2521302567F}.Debug|Any CPU.Build.0 = Debug|Any CPU
		{3475854E-B565-44BD-A532-B2521302567F}.Debug|x64.ActiveCfg = Debug|Any CPU
		{3475854E-B565-44BD-A532-B2521302567F}.Debug|x64.Build.0 = Debug|Any CPU
		{3475854E-B565-44BD-A532-B2521302567F}.Debug|x86.ActiveCfg = Debug|Any CPU
		{3475854E-B565-44BD-A532-B2521302567F}.Debug|x86.Build.0 = Debug|Any CPU
		{3475854E-B565-44BD-A532-B2521302567F}.Release|Any CPU.ActiveCfg = Release|Any CPU
		{3475854E-B565-44BD-A532-B2521302567F}.Release|Any CPU.Build.0 = Release|Any CPU
		{3475854E-B565-44BD-A532-B2521302567F}.Release|x64.ActiveCfg = Release|Any CPU
		{3475854E-B565-44BD-A532-B2521302567F}.Release|x64.Build.0 = Release|Any CPU
		{3475854E-B565-44BD-A532-B2521302567F}.Release|x86.ActiveCfg = Release|Any CPU
		{3475854E-B565-44BD-A532-B2521302567F}.Release|x86.Build.0 = Release|Any CPU
		{4F987F34-2A75-46AE-8410-8E2DF65180B5}.Debug|Any CPU.ActiveCfg = Debug|Any CPU
		{4F987F34-2A75-46AE-8410-8E2DF65180B5}.Debug|Any CPU.Build.0 = Debug|Any CPU
		{4F987F34-2A75-46AE-8410-8E2DF65180B5}.Debug|x64.ActiveCfg = Debug|Any CPU
		{4F987F34-2A75-46AE-8410-8E2DF65180B5}.Debug|x64.Build.0 = Debug|Any CPU
		{4F987F34-2A75-46AE-8410-8E2DF65180B5}.Debug|x86.ActiveCfg = Debug|Any CPU
		{4F987F34-2A75-46AE-8410-8E2DF65180B5}.Debug|x86.Build.0 = Debug|Any CPU
		{4F987F34-2A75-46AE-8410-8E2DF65180B5}.Release|Any CPU.ActiveCfg = Release|Any CPU
		{4F987F34-2A75-46AE-8410-8E2DF65180B5}.Release|Any CPU.Build.0 = Release|Any CPU
		{4F987F34-2A75-46AE-8410-8E2DF65180B5}.Release|x64.ActiveCfg = Release|Any CPU
		{4F987F34-2A75-46AE-8410-8E2DF65180B5}.Release|x64.Build.0 = Release|Any CPU
		{4F987F34-2A75-46AE-8410-8E2DF65180B5}.Release|x86.ActiveCfg = Release|Any CPU
		{4F987F34-2A75-46AE-8410-8E2DF65180B5}.Release|x86.Build.0 = Release|Any CPU
		{55F3060D-FECB-4A57-BF34-E6D2C1E31BDC}.Debug|Any CPU.ActiveCfg = Debug|Any CPU
		{55F3060D-FECB-4A57-BF34-E6D2C1E31BDC}.Debug|Any CPU.Build.0 = Debug|Any CPU
		{55F3060D-FECB-4A57-BF34-E6D2C1E31BDC}.Debug|x64.ActiveCfg = Debug|Any CPU
		{55F3060D-FECB-4A57-BF34-E6D2C1E31BDC}.Debug|x64.Build.0 = Debug|Any CPU
		{55F3060D-FECB-4A57-BF34-E6D2C1E31BDC}.Debug|x86.ActiveCfg = Debug|Any CPU
		{55F3060D-FECB-4A57-BF34-E6D2C1E31BDC}.Debug|x86.Build.0 = Debug|Any CPU
		{55F3060D-FECB-4A57-BF34-E6D2C1E31BDC}.Release|Any CPU.ActiveCfg = Release|Any CPU
		{55F3060D-FECB-4A57-BF34-E6D2C1E31BDC}.Release|Any CPU.Build.0 = Release|Any CPU
		{55F3060D-FECB-4A57-BF34-E6D2C1E31BDC}.Release|x64.ActiveCfg = Release|Any CPU
		{55F3060D-FECB-4A57-BF34-E6D2C1E31BDC}.Release|x64.Build.0 = Release|Any CPU
		{55F3060D-FECB-4A57-BF34-E6D2C1E31BDC}.Release|x86.ActiveCfg = Release|Any CPU
		{55F3060D-FECB-4A57-BF34-E6D2C1E31BDC}.Release|x86.Build.0 = Release|Any CPU
		{56360B16-81CB-4137-BCA0-88A3BEED29FE}.Debug|Any CPU.ActiveCfg = Debug|x64
		{56360B16-81CB-4137-BCA0-88A3BEED29FE}.Debug|Any CPU.Build.0 = Debug|x64
		{56360B16-81CB-4137-BCA0-88A3BEED29FE}.Debug|x64.ActiveCfg = Debug|x64
		{56360B16-81CB-4137-BCA0-88A3BEED29FE}.Debug|x64.Build.0 = Debug|x64
		{56360B16-81CB-4137-BCA0-88A3BEED29FE}.Debug|x86.ActiveCfg = Debug|Win32
		{56360B16-81CB-4137-BCA0-88A3BEED29FE}.Debug|x86.Build.0 = Debug|Win32
		{56360B16-81CB-4137-BCA0-88A3BEED29FE}.Release|Any CPU.ActiveCfg = Release|x64
		{56360B16-81CB-4137-BCA0-88A3BEED29FE}.Release|Any CPU.Build.0 = Release|x64
		{56360B16-81CB-4137-BCA0-88A3BEED29FE}.Release|x64.ActiveCfg = Release|x64
		{56360B16-81CB-4137-BCA0-88A3BEED29FE}.Release|x64.Build.0 = Release|x64
		{56360B16-81CB-4137-BCA0-88A3BEED29FE}.Release|x86.ActiveCfg = Release|Win32
		{56360B16-81CB-4137-BCA0-88A3BEED29FE}.Release|x86.Build.0 = Release|Win32
		{7AD06E53-9A1D-486E-8E77-97B02D44C7A5}.Debug|Any CPU.ActiveCfg = Debug|Any CPU
		{7AD06E53-9A1D-486E-8E77-97B02D44C7A5}.Debug|Any CPU.Build.0 = Debug|Any CPU
		{7AD06E53-9A1D-486E-8E77-97B02D44C7A5}.Debug|x64.ActiveCfg = Debug|Any CPU
		{7AD06E53-9A1D-486E-8E77-97B02D44C7A5}.Debug|x64.Build.0 = Debug|Any CPU
		{7AD06E53-9A1D-486E-8E77-97B02D44C7A5}.Debug|x86.ActiveCfg = Debug|Any CPU
		{7AD06E53-9A1D-486E-8E77-97B02D44C7A5}.Debug|x86.Build.0 = Debug|Any CPU
		{7AD06E53-9A1D-486E-8E77-97B02D44C7A5}.Release|Any CPU.ActiveCfg = Release|Any CPU
		{7AD06E53-9A1D-486E-8E77-97B02D44C7A5}.Release|Any CPU.Build.0 = Release|Any CPU
		{7AD06E53-9A1D-486E-8E77-97B02D44C7A5}.Release|x64.ActiveCfg = Release|Any CPU
		{7AD06E53-9A1D-486E-8E77-97B02D44C7A5}.Release|x64.Build.0 = Release|Any CPU
		{7AD06E53-9A1D-486E-8E77-97B02D44C7A5}.Release|x86.ActiveCfg = Release|Any CPU
		{7AD06E53-9A1D-486E-8E77-97B02D44C7A5}.Release|x86.Build.0 = Release|Any CPU
	EndGlobalSection
	GlobalSection(SolutionProperties) = preSolution
		HideSolutionNode = FALSE
	EndGlobalSection
	GlobalSection(NestedProjects) = preSolution
		{4F987F34-2A75-46AE-8410-8E2DF65180B5} = {3E0DEDCD-BAC6-438E-9AA0-73E000FCA394}
		{55F3060D-FECB-4A57-BF34-E6D2C1E31BDC} = {3E0DEDCD-BAC6-438E-9AA0-73E000FCA394}
		{56360B16-81CB-4137-BCA0-88A3BEED29FE} = {251F4A0A-EB71-41A8-9CB3-599CBC0E8CFA}
		{278FA900-E432-4892-B512-36E5B7A53C97} = {02EA681E-C7D8-13C7-8484-4AC65E1B71E8}
		{251F4A0A-EB71-41A8-9CB3-599CBC0E8CFA} = {278FA900-E432-4892-B512-36E5B7A53C97}
		{7AD06E53-9A1D-486E-8E77-97B02D44C7A5} = {278FA900-E432-4892-B512-36E5B7A53C97}
	EndGlobalSection
	GlobalSection(ExtensibilityGlobals) = postSolution
		SolutionGuid = {967A0698-5C68-434B-8761-8DE80F063E7E}
	EndGlobalSection
EndGlobal
